
Microsoft Visual Studio Solution File, Format Version 12.00
# Visual Studio Version 17
VisualStudioVersion = 17.10.35027.167
MinimumVisualStudioVersion = 10.0.40219.1
Project("{9A19103F-16F7-4668-BE54-9A1E7A4F7556}") = "SistemaInventarioV1", "SistemaInventarioV1\SistemaInventarioV1.csproj", "{4B3C313F-A871-49D9-9613-1C9A0698D6C2}"
EndProject
Project("{9A19103F-16F7-4668-BE54-9A1E7A4F7556}") = "SistemaInventario.AccesoDatos", "SistemaInventario.AccesoDatos\SistemaInventario.AccesoDatos.csproj", "{24CA1038-7963-469D-BD3D-E8FCFA9EF23A}"
EndProject
Project("{9A19103F-16F7-4668-BE54-9A1E7A4F7556}") = "SistemaInventario.Modelos", "SistemaInventario.Modelos\SistemaInventario.Modelos.csproj", "{D17F76B3-1603-48ED-905A-2FBF77FB9916}"
EndProject
Project("{9A19103F-16F7-4668-BE54-9A1E7A4F7556}") = "SistemaInventario.Utilidades", "SistemaInventario.Utilidades\SistemaInventario.Utilidades.csproj", "{67D42A24-65F1-4BEA-B620-CE39573993E6}"
EndProject
Global
	GlobalSection(SolutionConfigurationPlatforms) = preSolution
		Debug|Any CPU = Debug|Any CPU
		Release|Any CPU = Release|Any CPU
	EndGlobalSection
	GlobalSection(ProjectConfigurationPlatforms) = postSolution
		{4B3C313F-A871-49D9-9613-1C9A0698D6C2}.Debug|Any CPU.ActiveCfg = Debug|Any CPU
		{4B3C313F-A871-49D9-9613-1C9A0698D6C2}.Debug|Any CPU.Build.0 = Debug|Any CPU
		{4B3C313F-A871-49D9-9613-1C9A0698D6C2}.Release|Any CPU.ActiveCfg = Release|Any CPU
		{4B3C313F-A871-49D9-9613-1C9A0698D6C2}.Release|Any CPU.Build.0 = Release|Any CPU
		{24CA1038-7963-469D-BD3D-E8FCFA9EF23A}.Debug|Any CPU.ActiveCfg = Debug|Any CPU
		{24CA1038-7963-469D-BD3D-E8FCFA9EF23A}.Debug|Any CPU.Build.0 = Debug|Any CPU
		{24CA1038-7963-469D-BD3D-E8FCFA9EF23A}.Release|Any CPU.ActiveCfg = Release|Any CPU
		{24CA1038-7963-469D-BD3D-E8FCFA9EF23A}.Release|Any CPU.Build.0 = Release|Any CPU
		{D17F76B3-1603-48ED-905A-2FBF77FB9916}.Debug|Any CPU.ActiveCfg = Debug|Any CPU
		{D17F76B3-1603-48ED-905A-2FBF77FB9916}.Debug|Any CPU.Build.0 = Debug|Any CPU
		{D17F76B3-1603-48ED-905A-2FBF77FB9916}.Release|Any CPU.ActiveCfg = Release|Any CPU
		{D17F76B3-1603-48ED-905A-2FBF77FB9916}.Release|Any CPU.Build.0 = Release|Any CPU
		{67D42A24-65F1-4BEA-B620-CE39573993E6}.Debug|Any CPU.ActiveCfg = Debug|Any CPU
		{67D42A24-65F1-4BEA-B620-CE39573993E6}.Debug|Any CPU.Build.0 = Debug|Any CPU
		{67D42A24-65F1-4BEA-B620-CE39573993E6}.Release|Any CPU.ActiveCfg = Release|Any CPU
		{67D42A24-65F1-4BEA-B620-CE39573993E6}.Release|Any CPU.Build.0 = Release|Any CPU
	EndGlobalSection
	GlobalSection(SolutionProperties) = preSolution
		HideSolutionNode = FALSE
	EndGlobalSection
	GlobalSection(ExtensibilityGlobals) = postSolution
		SolutionGuid = {6C672A03-183A-475A-A43A-22DE022F6E22}
	EndGlobalSection
EndGlobal
